lockfileVersion: '6.0'

settings:
  autoInstallPeers: false
  excludeLinksFromLockfile: false

importers:

  .: {}

  ../../shared-ask-me-anything:
    devDependencies:
      openapi-typescript:
        specifier: ~7.6.1
        version: 7.6.1(typescript@5.7.3)
      typescript:
        specifier: ~5.7.3
        version: 5.7.3

packages:

  /@babel/code-frame@7.26.2:
    resolution: {integrity: sha512-RJlIHRueQgwWitWgF8OdFYGZX328Ax5BCemNGlqHfplnRT9ESi8JkFlvaVYbS+UubVY6dpv87Fs2u5M29iNFVQ==}
    engines: {node: '>=6.9.0'}
    dependencies:
      '@babel/helper-validator-identifier': 7.25.9
      js-tokens: 4.0.0
      picocolors: 1.1.1
    dev: true

  /@babel/helper-validator-identifier@7.25.9:
    resolution: {integrity: sha512-Ed61U6XJc3CVRfkERJWDz4dJwKe7iLmmJsbOGu9wSloNSFttHV0I8g6UAgb7qnK5ly5bGLPd4oXZlxCdANBOWQ==}
    engines: {node: '>=6.9.0'}
    dev: true

  /@redocly/ajv@8.11.2:
    resolution: {integrity: sha512-io1JpnwtIcvojV7QKDUSIuMN/ikdOUd1ReEnUnMKGfDVridQZ31J0MmIuqwuRjWDZfmvr+Q0MqCcfHM2gTivOg==}
    dependencies:
      fast-deep-equal: 3.1.3
      json-schema-traverse: 1.0.0
      require-from-string: 2.0.2
      uri-js-replace: 1.0.1
    dev: true

  /@redocly/config@0.20.3:
    resolution: {integrity: sha512-Nyyv1Bj7GgYwj/l46O0nkH1GTKWbO3Ixe7KFcn021aZipkZd+z8Vlu1BwkhqtVgivcKaClaExtWU/lDHkjBzag==}
    dev: true

  /@redocly/openapi-core@1.30.0(supports-color@9.4.0):
    resolution: {integrity: sha512-ZZc+FXKoQXJ9cOR7qRKHxOfKOsGCj2wSodklKdtM2FofzyjzvIwn1rksD5+9iJxvHuORPOPv3ppAHcM+iMr/Ag==}
    engines: {node: '>=18.17.0', npm: '>=9.5.0'}
    dependencies:
      '@redocly/ajv': 8.11.2
      '@redocly/config': 0.20.3
      colorette: 1.4.0
      https-proxy-agent: 7.0.6(supports-color@9.4.0)
      js-levenshtein: 1.1.6
      js-yaml: 4.1.0
      minimatch: 5.1.6
      pluralize: 8.0.0
      yaml-ast-parser: 0.0.43
    transitivePeerDependencies:
      - supports-color
    dev: true

  /agent-base@7.1.3:
    resolution: {integrity: sha512-jRR5wdylq8CkOe6hei19GGZnxM6rBGwFl3Bg0YItGDimvjGtAvdZk4Pu6Cl4u4Igsws4a1fd1Vq3ezrhn4KmFw==}
    engines: {node: '>= 14'}
    dev: true

  /ansi-colors@4.1.3:
    resolution: {integrity: sha512-/6w/C21Pm1A7aZitlI5Ni/2J6FFQN8i1Cvz3kHABAAbw93v/NlvKdVOqz7CCWz/3iv/JplRSEEZ83XION15ovw==}
    engines: {node: '>=6'}
    dev: true

  /argparse@2.0.1:
    resolution: {integrity: sha512-8+9WqebbFzpX9OR+Wa6O29asIogeRMzcGtAINdpMHHyAg10f05aSFVBbcEqGf/PXw1EjAZ+q2/bEBg3DvurK3Q==}
    dev: true

  /balanced-match@1.0.2:
    resolution: {integrity: sha512-3oSeUO0TMV67hN1AmbXsK4yaqU7tjiHlbxRDZOpH0KW9+CeX4bRAaX0Anxt0tx2MrpRpWwQaPwIlISEJhYU5Pw==}
    dev: true

  /brace-expansion@2.0.1:
    resolution: {integrity: sha512-XnAIvQ8eM+kC6aULx6wuQiwVsnzsi9d3WxzV3FpWTGA19F621kwdbsAcFKXgKUHZWsy+mY6iL1sHTxWEFCytDA==}
    dependencies:
      balanced-match: 1.0.2
    dev: true

  /change-case@5.4.4:
    resolution: {integrity: sha512-HRQyTk2/YPEkt9TnUPbOpr64Uw3KOicFWPVBb+xiHvd6eBx/qPr9xqfBFDT8P2vWsvvz4jbEkfDe71W3VyNu2w==}
    dev: true

  /colorette@1.4.0:
    resolution: {integrity: sha512-Y2oEozpomLn7Q3HFP7dpww7AtMJplbM9lGZP6RDfHqmbeRjiwRg4n6VM6j4KLmRke85uWEI7JqF17f3pqdRA0g==}
    dev: true

  /debug@4.4.0(supports-color@9.4.0):
    resolution: {integrity: sha512-6WTZ/IxCY/T6BALoZHaE4ctp9xm+Z5kY/pzYaCHRFeyVhojxlrm+46y68HA6hr0TcwEssoxNiDEUJQjfPZ/RYA==}
    engines: {node: '>=6.0'}
    peerDependencies:
      supports-color: '*'
    peerDependenciesMeta:
      supports-color:
        optional: true
    dependencies:
      ms: 2.1.3
      supports-color: 9.4.0
    dev: true

  /fast-deep-equal@3.1.3:
    resolution: {integrity: sha512-f3qQ9oQy9j2AhBe/H9VC91wLmKBCCU/gDOnKNAYG5hswO7BLKj09Hc5HYNz9cGI++xlpDCIgDaitVs03ATR84Q==}
    dev: true

  /https-proxy-agent@7.0.6(supports-color@9.4.0):
    resolution: {integrity: sha512-vK9P5/iUfdl95AI+JVyUuIcVtd4ofvtrOr3HNtM2yxC9bnMbEdp3x01OhQNnjb8IJYi38VlTE3mBXwcfvywuSw==}
    engines: {node: '>= 14'}
    dependencies:
      agent-base: 7.1.3
      debug: 4.4.0(supports-color@9.4.0)
    transitivePeerDependencies:
      - supports-color
    dev: true

  /index-to-position@0.1.2:
    resolution: {integrity: sha512-MWDKS3AS1bGCHLBA2VLImJz42f7bJh8wQsTGCzI3j519/CASStoDONUBVz2I/VID0MpiX3SGSnbOD2xUalbE5g==}
    engines: {node: '>=18'}
    dev: true

  /js-levenshtein@1.1.6:
    resolution: {integrity: sha512-X2BB11YZtrRqY4EnQcLX5Rh373zbK4alC1FW7D7MBhL2gtcC17cTnr6DmfHZeS0s2rTHjUTMMHfG7gO8SSdw+g==}
    engines: {node: '>=0.10.0'}
    dev: true

  /js-tokens@4.0.0:
    resolution: {integrity: sha512-RdJUflcE3cUzKiMqQgsCu06FPu9UdIJO0beYbPhHN4k6apgJtifcoCtT9bcxOpYBtpD2kCM6Sbzg4CausW/PKQ==}
    dev: true

  /js-yaml@4.1.0:
    resolution: {integrity: sha512-wpxZs9NoxZaJESJGIZTyDEaYpl0FKSA+FB9aJiyemKhMwkxQg63h4T1KJgUGHpTqPDNRcmmYLugrRjJlBtWvRA==}
    hasBin: true
    dependencies:
      argparse: 2.0.1
    dev: true

  /json-schema-traverse@1.0.0:
    resolution: {integrity: sha512-NM8/P9n3XjXhIZn1lLhkFaACTOURQXjWhV4BA/RnOv8xvgqtqpAX9IO4mRQxSx1Rlo4tqzeqb0sOlruaOy3dug==}
    dev: true

  /minimatch@5.1.6:
    resolution: {integrity: sha512-lKwV/1brpG6mBUFHtb7NUmtABCb2WZZmm2wNiOA5hAb8VdCS4B3dtMWyvcoViccwAW/COERjXLt0zP1zXUN26g==}
    engines: {node: '>=10'}
    dependencies:
      brace-expansion: 2.0.1
    dev: true

  /ms@2.1.3:
    resolution: {integrity: sha512-6FlzubTLZG3J2a/NVCAleEhjzq5oxgHyaCU9yYXvcLsvoVaHJq/s5xXI6/XXP6tz7R9xAOtHnSO/tXtF3WRTlA==}
    dev: true

  /openapi-typescript@7.6.1(typescript@5.7.3):
    resolution: {integrity: sha512-F7RXEeo/heF3O9lOXo2bNjCOtfp7u+D6W3a3VNEH2xE6v+fxLtn5nq0uvUcA1F5aT+CMhNeC5Uqtg5tlXFX/ag==}
    hasBin: true
    peerDependencies:
      typescript: ^5.x
    dependencies:
      '@redocly/openapi-core': 1.30.0(supports-color@9.4.0)
      ansi-colors: 4.1.3
      change-case: 5.4.4
      parse-json: 8.1.0
      supports-color: 9.4.0
      typescript: 5.7.3
      yargs-parser: 21.1.1
    dev: true

  /parse-json@8.1.0:
    resolution: {integrity: sha512-rum1bPifK5SSar35Z6EKZuYPJx85pkNaFrxBK3mwdfSJ1/WKbYrjoW/zTPSjRRamfmVX1ACBIdFAO0VRErW/EA==}
    engines: {node: '>=18'}
    dependencies:
      '@babel/code-frame': 7.26.2
      index-to-position: 0.1.2
      type-fest: 4.35.0
    dev: true

  /picocolors@1.1.1:
    resolution: {integrity: sha512-xceH2snhtb5M9liqDsmEw56le376mTZkEX/jEb/RxNFyegNul7eNslCXP9FDj/Lcu0X8KEyMceP2ntpaHrDEVA==}
    dev: true

  /pluralize@8.0.0:
    resolution: {integrity: sha512-Nc3IT5yHzflTfbjgqWcCPpo7DaKy4FnpB0l/zCAW0Tc7jxAiuqSxHasntB3D7887LSrA93kDJ9IXovxJYxyLCA==}
    engines: {node: '>=4'}
    dev: true

  /require-from-string@2.0.2:
    resolution: {integrity: sha512-Xf0nWe6RseziFMu+Ap9biiUbmplq6S9/p+7w7YXP/JBHhrUDDUhwa+vANyubuqfZWTveU//DYVGsDG7RKL/vEw==}
    engines: {node: '>=0.10.0'}
    dev: true

  /supports-color@9.4.0:
    resolution: {integrity: sha512-VL+lNrEoIXww1coLPOmiEmK/0sGigko5COxI09KzHc2VJXJsQ37UaQ+8quuxjDeA7+KnLGTWRyOXSLLR2Wb4jw==}
    engines: {node: '>=12'}
    dev: true

  /type-fest@4.35.0:
    resolution: {integrity: sha512-2/AwEFQDFEy30iOLjrvHDIH7e4HEWH+f1Yl1bI5XMqzuoCUqwYCdxachgsgv0og/JdVZUhbfjcJAoHj5L1753A==}
    engines: {node: '>=16'}
    dev: true

  /typescript@5.7.3:
    resolution: {integrity: sha512-84MVSjMEHP+FQRPy3pX9sTVV/INIex71s9TL2Gm5FG/WG1SqXeKyZ0k7/blY/4FdOzI12CBy1vGc4og/eus0fw==}
    engines: {node: '>=14.17'}
    hasBin: true
    dev: true

  /uri-js-replace@1.0.1:
    resolution: {integrity: sha512-W+C9NWNLFOoBI2QWDp4UT9pv65r2w5Cx+3sTYFvtMdDBxkKt1syCqsUdSFAChbEe1uK5TfS04wt/nGwmaeIQ0g==}
    dev: true

  /yaml-ast-parser@0.0.43:
    resolution: {integrity: sha512-2PTINUwsRqSd+s8XxKaJWQlUuEMHJQyEuh2edBbW8KNJz0SJPwUSD2zRWqezFEdN7IzAgeuYHFUCF7o8zRdZ0A==}
    dev: true

  /yargs-parser@21.1.1:
    resolution: {integrity: sha512-tVpsJW7DdjecAiFpbIB1e3qxIQsE6NoPc5/eTdrbbIC4h0LVsWhnoa3g+m2HclBIujHzsxZ4VJVA+GUuc2/LBw==}
    engines: {node: '>=12'}
    dev: true
